
Microsoft Visual Studio Solution File, Format Version 12.00
# Visual Studio 15
VisualStudioVersion = 15.0.28307.779
MinimumVisualStudioVersion = 10.0.40219.1
Project("{FAE04EC0-301F-11D3-BF4B-00C04F79EFBC}") = "PAzIG.Xamarin.Android", "PAzIG.Xamarin.Android\PAzIG.Xamarin.Android.csproj", "{1FA2C749-2DA2-4F0E-9A31-34086661BE6B}"
EndProject
Project("{FAE04EC0-301F-11D3-BF4B-00C04F79EFBC}") = "PAzIG", "PAzIG\PAzIG.csproj", "{91AC2BD1-FB01-4A04-8457-E4C40D2EF1DB}"
EndProject
Global
	GlobalSection(SolutionConfigurationPlatforms) = preSolution
		Debug|Any CPU = Debug|Any CPU
		Release|Any CPU = Release|Any CPU
	EndGlobalSection
	GlobalSection(ProjectConfigurationPlatforms) = postSolution
		{1FA2C749-2DA2-4F0E-9A31-34086661BE6B}.Debug|Any CPU.ActiveCfg = Debug|Any CPU
		{1FA2C749-2DA2-4F0E-9A31-34086661BE6B}.Debug|Any CPU.Build.0 = Debug|Any CPU
		{1FA2C749-2DA2-4F0E-9A31-34086661BE6B}.Debug|Any CPU.Deploy.0 = Debug|Any CPU
		{1FA2C749-2DA2-4F0E-9A31-34086661BE6B}.Release|Any CPU.ActiveCfg = Release|Any CPU
		{1FA2C749-2DA2-4F0E-9A31-34086661BE6B}.Release|Any CPU.Build.0 = Release|Any CPU
		{1FA2C749-2DA2-4F0E-9A31-34086661BE6B}.Release|Any CPU.Deploy.0 = Release|Any CPU
		{91AC2BD1-FB01-4A04-8457-E4C40D2EF1DB}.Debug|Any CPU.ActiveCfg = Debug|Any CPU
		{91AC2BD1-FB01-4A04-8457-E4C40D2EF1DB}.Debug|Any CPU.Build.0 = Debug|Any CPU
		{91AC2BD1-FB01-4A04-8457-E4C40D2EF1DB}.Release|Any CPU.ActiveCfg = Release|Any CPU
		{91AC2BD1-FB01-4A04-8457-E4C40D2EF1DB}.Release|Any CPU.Build.0 = Release|Any CPU
	EndGlobalSection
	GlobalSection(SolutionProperties) = preSolution
		HideSolutionNode = FALSE
	EndGlobalSection
	GlobalSection(ExtensibilityGlobals) = postSolution
		SolutionGuid = {4CE1784F-E8E3-4EAA-99AA-75A277925A96}
	EndGlobalSection
EndGlobal
